github.com/ClessLi/Game-test v0.1.0 h1:Nm3SC0DpS4YRK/r9iAINvZh/vuAWy3Ii6/Nj13XO4ww=
github.com/ClessLi/Game-test v0.1.0/go.mod h1:GZc1uApoWuv5f6+ahgn9QqrhO4lUk3iLCbXTsDCelaQ=
github.com/ClessLi/resolvForGame v1.0.0 h1:gEydv5+r11+7K0F7zjlOyn/1R0FObD3RyxjrXeFnens=
github.com/ClessLi/resolvForGame v1.0.0/go.mod h1:o09CPZpAc7dvAlTZ9xwTMej3tpta0U1s/X5+GcVXxB4=
github.com/go-gl/gl v0.0.0-20190320180904-bf2b1f2f34d7 h1:SCYMcCJ89LjRGwEa0tRluNRiMjZHalQZrVrvTbPh+qw=
github.com/go-gl/gl v0.0.0-20190320180904-bf2b1f2f34d7/go.mod h1:482civXOzJJCPzJ4ZOX/pwvXBWSnzD4OKMdH4ClKGbk=
github.com/go-gl/glfw v0.0.0-20191125211704-12ad95a8df72 h1:LgLYrxDRSVv3kStk6louYTP1ekZ6t7HZY/X05KUyaeM=
github.com/go-gl/glfw v0.0.0-20191125211704-12ad95a8df72/go.mod h1:vR7hzQXu2zJy9AVAgeJqvqgH9Q5CA+iKCZ2gyEVpxRU=
github.com/go-gl/mathgl v0.0.0-20190713194549-592312d8590a h1:yoAEv7yeWqfL/l9A/J5QOndXIJCldv+uuQB1DSNQbS0=
github.com/go-gl/mathgl v0.0.0-20190713194549-592312d8590a/go.mod h1:yhpkQzEiH9yPyxDUGzkmgScbaBVlhC06qodikEM0ZwQ=
golang.org/x/image v0.0.0-20190321063152-3fc05d484e9f h1:FO4MZ3N56GnxbqxGKqh+YTzUWQ2sDwtFQEZgLOxh9Jc=
golang.org/x/image v0.0.0-20190321063152-3fc05d484e9f/go.mod h1:kZ7UVZpmo3dzQBMxlp+ypCbDeSB+sBbTgSJuh5dn5js=
golang.org/x/text v0.3.0/go.mod h1:NqM8EUOU14njkJ3fqMW+pc6Ldnwhi/IjpwHt7yyuwOQ=
